
Microsoft Visual Studio Solution File, Format Version 12.00
# Visual Studio 15
VisualStudioVersion = 15.0.27004.2005
MinimumVisualStudioVersion = 10.0.40219.1
Project("{FAE04EC0-301F-11D3-BF4B-00C04F79EFBC}") = "Basic1", "Basic1\Basic1.csproj", "{6293526A-20DF-46DE-B6FF-0553768B795F}"
EndProject
Project("{FAE04EC0-301F-11D3-BF4B-00C04F79EFBC}") = "Basic2", "Basic2\Basic2.csproj", "{98A04ED5-6A99-4FB4-906D-1637E2A66934}"
EndProject
Project("{FAE04EC0-301F-11D3-BF4B-00C04F79EFBC}") = "Basic3", "Basic3\Basic3.csproj", "{6AC8283A-CB09-4797-B54C-AE43B7DB3384}"
EndProject
Project("{FAE04EC0-301F-11D3-BF4B-00C04F79EFBC}") = "Basic4", "Basic4\Basic4.csproj", "{5C853E50-AC66-4B71-9C38-71FF3139FBD2}"
EndProject
Project("{FAE04EC0-301F-11D3-BF4B-00C04F79EFBC}") = "Basic5", "Basic5\Basic5.csproj", "{B0BD1101-AF66-4C50-B21E-C13D74D13095}"
EndProject
Project("{FAE04EC0-301F-11D3-BF4B-00C04F79EFBC}") = "Basic6", "Basic6\Basic6.csproj", "{67B2BE41-D646-47F7-BB04-E9A6AD3F35EC}"
EndProject
Project("{FAE04EC0-301F-11D3-BF4B-00C04F79EFBC}") = "Basic7", "Basic7\Basic7.csproj", "{0A0024EC-3D44-4937-B2C7-F82C6A80E9B4}"
EndProject
Project("{FAE04EC0-301F-11D3-BF4B-00C04F79EFBC}") = "Basic8", "ConsoleApp2\Basic8.csproj", "{D58086ED-BE22-4536-B6F4-1BD8BAFFA548}"
EndProject
Project("{FAE04EC0-301F-11D3-BF4B-00C04F79EFBC}") = "Basic9", "Basic9\Basic9.csproj", "{B50379F5-F939-4045-B1AE-4D418723A9D4}"
EndProject
Project("{FAE04EC0-301F-11D3-BF4B-00C04F79EFBC}") = "Basic10", "Basic10\Basic10.csproj", "{6FE950C9-F734-44B9-8FE9-D3821889B447}"
EndProject
Project("{FAE04EC0-301F-11D3-BF4B-00C04F79EFBC}") = "Basic11", "Basic11\Basic11.csproj", "{A0F9D3CD-E4A8-4DC0-86B7-84C7A395AE7C}"
EndProject
Project("{FAE04EC0-301F-11D3-BF4B-00C04F79EFBC}") = "Basic12", "Basic12\Basic12.csproj", "{8BA1235A-773D-45C9-AF7D-A7AC1AA53913}"
EndProject
Project("{FAE04EC0-301F-11D3-BF4B-00C04F79EFBC}") = "Basic13", "Basic13\Basic13.csproj", "{6D1FE633-3A46-4C39-A6A6-E16B9C5DA4CF}"
EndProject
Project("{FAE04EC0-301F-11D3-BF4B-00C04F79EFBC}") = "Basic14", "Basic14\Basic14.csproj", "{FAE03ECE-9BC1-4F86-967D-588319C7A6C9}"
EndProject
Project("{FAE04EC0-301F-11D3-BF4B-00C04F79EFBC}") = "Basic15", "Basic15\Basic15.csproj", "{4C810CDB-9137-43EB-85ED-7BF3AA1EA810}"
EndProject
Project("{FAE04EC0-301F-11D3-BF4B-00C04F79EFBC}") = "Basic16", "Basic16\Basic16.csproj", "{049D6B98-3BB5-4527-AED4-1FC1854D3F26}"
EndProject
Project("{FAE04EC0-301F-11D3-BF4B-00C04F79EFBC}") = "Basic17", "Basic17\Basic17.csproj", "{3B644CA5-961E-4894-8C47-0C966F5422BA}"
EndProject
Project("{FAE04EC0-301F-11D3-BF4B-00C04F79EFBC}") = "Basic18", "Basic18\Basic18.csproj", "{2292D265-E28C-4A80-B576-A7AC9BE89951}"
EndProject
Project("{FAE04EC0-301F-11D3-BF4B-00C04F79EFBC}") = "Basic19", "Basic19\Basic19.csproj", "{9E197050-80FE-40F5-A7E6-A2D8BF28FC02}"
EndProject
Project("{FAE04EC0-301F-11D3-BF4B-00C04F79EFBC}") = "Basic20", "Basic20\Basic20.csproj", "{09BE46E0-F936-474B-8747-9F4DBD9DF828}"
EndProject
Project("{FAE04EC0-301F-11D3-BF4B-00C04F79EFBC}") = "Basic21", "Basic21\Basic21.csproj", "{E26A74F7-060F-45A3-8385-0A1FBBC9C495}"
EndProject
Project("{FAE04EC0-301F-11D3-BF4B-00C04F79EFBC}") = "Basic22", "Basic22\Basic22.csproj", "{E9AD30DB-CA0C-4C19-92FA-B55355C33F76}"
EndProject
Project("{FAE04EC0-301F-11D3-BF4B-00C04F79EFBC}") = "Basic23", "Basic23\Basic23.csproj", "{A428B558-E01D-49AF-91F8-327BF7EE32C0}"
EndProject
Project("{FAE04EC0-301F-11D3-BF4B-00C04F79EFBC}") = "Basic27", "Basic27\Basic27.csproj", "{46AA23E5-4542-4979-BB5E-F68340880C55}"
EndProject
Project("{FAE04EC0-301F-11D3-BF4B-00C04F79EFBC}") = "Basic28", "Basic28\Basic28.csproj", "{4FD4467C-0231-4D0E-9884-EABCECB18C8D}"
EndProject
Project("{FAE04EC0-301F-11D3-BF4B-00C04F79EFBC}") = "Basic29", "Basic29\Basic29.csproj", "{89013EE0-B3FD-4BB9-85D1-D4D82E27EA0E}"
EndProject
Global
	GlobalSection(SolutionConfigurationPlatforms) = preSolution
		Debug|Any CPU = Debug|Any CPU
		Release|Any CPU = Release|Any CPU
	EndGlobalSection
	GlobalSection(ProjectConfigurationPlatforms) = postSolution
		{6293526A-20DF-46DE-B6FF-0553768B795F}.Debug|Any CPU.ActiveCfg = Debug|Any CPU
		{6293526A-20DF-46DE-B6FF-0553768B795F}.Debug|Any CPU.Build.0 = Debug|Any CPU
		{6293526A-20DF-46DE-B6FF-0553768B795F}.Release|Any CPU.ActiveCfg = Release|Any CPU
		{6293526A-20DF-46DE-B6FF-0553768B795F}.Release|Any CPU.Build.0 = Release|Any CPU
		{98A04ED5-6A99-4FB4-906D-1637E2A66934}.Debug|Any CPU.ActiveCfg = Debug|Any CPU
		{98A04ED5-6A99-4FB4-906D-1637E2A66934}.Debug|Any CPU.Build.0 = Debug|Any CPU
		{98A04ED5-6A99-4FB4-906D-1637E2A66934}.Release|Any CPU.ActiveCfg = Release|Any CPU
		{98A04ED5-6A99-4FB4-906D-1637E2A66934}.Release|Any CPU.Build.0 = Release|Any CPU
		{6AC8283A-CB09-4797-B54C-AE43B7DB3384}.Debug|Any CPU.ActiveCfg = Debug|Any CPU
		{6AC8283A-CB09-4797-B54C-AE43B7DB3384}.Debug|Any CPU.Build.0 = Debug|Any CPU
		{6AC8283A-CB09-4797-B54C-AE43B7DB3384}.Release|Any CPU.ActiveCfg = Release|Any CPU
		{6AC8283A-CB09-4797-B54C-AE43B7DB3384}.Release|Any CPU.Build.0 = Release|Any CPU
		{5C853E50-AC66-4B71-9C38-71FF3139FBD2}.Debug|Any CPU.ActiveCfg = Debug|Any CPU
		{5C853E50-AC66-4B71-9C38-71FF3139FBD2}.Debug|Any CPU.Build.0 = Debug|Any CPU
		{5C853E50-AC66-4B71-9C38-71FF3139FBD2}.Release|Any CPU.ActiveCfg = Release|Any CPU
		{5C853E50-AC66-4B71-9C38-71FF3139FBD2}.Release|Any CPU.Build.0 = Release|Any CPU
		{B0BD1101-AF66-4C50-B21E-C13D74D13095}.Debug|Any CPU.ActiveCfg = Debug|Any CPU
		{B0BD1101-AF66-4C50-B21E-C13D74D13095}.Debug|Any CPU.Build.0 = Debug|Any CPU
		{B0BD1101-AF66-4C50-B21E-C13D74D13095}.Release|Any CPU.ActiveCfg = Release|Any CPU
		{B0BD1101-AF66-4C50-B21E-C13D74D13095}.Release|Any CPU.Build.0 = Release|Any CPU
		{67B2BE41-D646-47F7-BB04-E9A6AD3F35EC}.Debug|Any CPU.ActiveCfg = Debug|Any CPU
		{67B2BE41-D646-47F7-BB04-E9A6AD3F35EC}.Debug|Any CPU.Build.0 = Debug|Any CPU
		{67B2BE41-D646-47F7-BB04-E9A6AD3F35EC}.Release|Any CPU.ActiveCfg = Release|Any CPU
		{67B2BE41-D646-47F7-BB04-E9A6AD3F35EC}.Release|Any CPU.Build.0 = Release|Any CPU
		{0A0024EC-3D44-4937-B2C7-F82C6A80E9B4}.Debug|Any CPU.ActiveCfg = Debug|Any CPU
		{0A0024EC-3D44-4937-B2C7-F82C6A80E9B4}.Debug|Any CPU.Build.0 = Debug|Any CPU
		{0A0024EC-3D44-4937-B2C7-F82C6A80E9B4}.Release|Any CPU.ActiveCfg = Release|Any CPU
		{0A0024EC-3D44-4937-B2C7-F82C6A80E9B4}.Release|Any CPU.Build.0 = Release|Any CPU
		{D58086ED-BE22-4536-B6F4-1BD8BAFFA548}.Debug|Any CPU.ActiveCfg = Debug|Any CPU
		{D58086ED-BE22-4536-B6F4-1BD8BAFFA548}.Debug|Any CPU.Build.0 = Debug|Any CPU
		{D58086ED-BE22-4536-B6F4-1BD8BAFFA548}.Release|Any CPU.ActiveCfg = Release|Any CPU
		{D58086ED-BE22-4536-B6F4-1BD8BAFFA548}.Release|Any CPU.Build.0 = Release|Any CPU
		{B50379F5-F939-4045-B1AE-4D418723A9D4}.Debug|Any CPU.ActiveCfg = Debug|Any CPU
		{B50379F5-F939-4045-B1AE-4D418723A9D4}.Debug|Any CPU.Build.0 = Debug|Any CPU
		{B50379F5-F939-4045-B1AE-4D418723A9D4}.Release|Any CPU.ActiveCfg = Release|Any CPU
		{B50379F5-F939-4045-B1AE-4D418723A9D4}.Release|Any CPU.Build.0 = Release|Any CPU
		{6FE950C9-F734-44B9-8FE9-D3821889B447}.Debug|Any CPU.ActiveCfg = Debug|Any CPU
		{6FE950C9-F734-44B9-8FE9-D3821889B447}.Debug|Any CPU.Build.0 = Debug|Any CPU
		{6FE950C9-F734-44B9-8FE9-D3821889B447}.Release|Any CPU.ActiveCfg = Release|Any CPU
		{6FE950C9-F734-44B9-8FE9-D3821889B447}.Release|Any CPU.Build.0 = Release|Any CPU
		{A0F9D3CD-E4A8-4DC0-86B7-84C7A395AE7C}.Debug|Any CPU.ActiveCfg = Debug|Any CPU
		{A0F9D3CD-E4A8-4DC0-86B7-84C7A395AE7C}.Debug|Any CPU.Build.0 = Debug|Any CPU
		{A0F9D3CD-E4A8-4DC0-86B7-84C7A395AE7C}.Release|Any CPU.ActiveCfg = Release|Any CPU
		{A0F9D3CD-E4A8-4DC0-86B7-84C7A395AE7C}.Release|Any CPU.Build.0 = Release|Any CPU
		{8BA1235A-773D-45C9-AF7D-A7AC1AA53913}.Debug|Any CPU.ActiveCfg = Debug|Any CPU
		{8BA1235A-773D-45C9-AF7D-A7AC1AA53913}.Debug|Any CPU.Build.0 = Debug|Any CPU
		{8BA1235A-773D-45C9-AF7D-A7AC1AA53913}.Release|Any CPU.ActiveCfg = Release|Any CPU
		{8BA1235A-773D-45C9-AF7D-A7AC1AA53913}.Release|Any CPU.Build.0 = Release|Any CPU
		{6D1FE633-3A46-4C39-A6A6-E16B9C5DA4CF}.Debug|Any CPU.ActiveCfg = Debug|Any CPU
		{6D1FE633-3A46-4C39-A6A6-E16B9C5DA4CF}.Debug|Any CPU.Build.0 = Debug|Any CPU
		{6D1FE633-3A46-4C39-A6A6-E16B9C5DA4CF}.Release|Any CPU.ActiveCfg = Release|Any CPU
		{6D1FE633-3A46-4C39-A6A6-E16B9C5DA4CF}.Release|Any CPU.Build.0 = Release|Any CPU
		{FAE03ECE-9BC1-4F86-967D-588319C7A6C9}.Debug|Any CPU.ActiveCfg = Debug|Any CPU
		{FAE03ECE-9BC1-4F86-967D-588319C7A6C9}.Debug|Any CPU.Build.0 = Debug|Any CPU
		{FAE03ECE-9BC1-4F86-967D-588319C7A6C9}.Release|Any CPU.ActiveCfg = Release|Any CPU
		{FAE03ECE-9BC1-4F86-967D-588319C7A6C9}.Release|Any CPU.Build.0 = Release|Any CPU
		{4C810CDB-9137-43EB-85ED-7BF3AA1EA810}.Debug|Any CPU.ActiveCfg = Debug|Any CPU
		{4C810CDB-9137-43EB-85ED-7BF3AA1EA810}.Debug|Any CPU.Build.0 = Debug|Any CPU
		{4C810CDB-9137-43EB-85ED-7BF3AA1EA810}.Release|Any CPU.ActiveCfg = Release|Any CPU
		{4C810CDB-9137-43EB-85ED-7BF3AA1EA810}.Release|Any CPU.Build.0 = Release|Any CPU
		{049D6B98-3BB5-4527-AED4-1FC1854D3F26}.Debug|Any CPU.ActiveCfg = Debug|Any CPU
		{049D6B98-3BB5-4527-AED4-1FC1854D3F26}.Debug|Any CPU.Build.0 = Debug|Any CPU
		{049D6B98-3BB5-4527-AED4-1FC1854D3F26}.Release|Any CPU.ActiveCfg = Release|Any CPU
		{049D6B98-3BB5-4527-AED4-1FC1854D3F26}.Release|Any CPU.Build.0 = Release|Any CPU
		{3B644CA5-961E-4894-8C47-0C966F5422BA}.Debug|Any CPU.ActiveCfg = Debug|Any CPU
		{3B644CA5-961E-4894-8C47-0C966F5422BA}.Debug|Any CPU.Build.0 = Debug|Any CPU
		{3B644CA5-961E-4894-8C47-0C966F5422BA}.Release|Any CPU.ActiveCfg = Release|Any CPU
		{3B644CA5-961E-4894-8C47-0C966F5422BA}.Release|Any CPU.Build.0 = Release|Any CPU
		{2292D265-E28C-4A80-B576-A7AC9BE89951}.Debug|Any CPU.ActiveCfg = Debug|Any CPU
		{2292D265-E28C-4A80-B576-A7AC9BE89951}.Debug|Any CPU.Build.0 = Debug|Any CPU
		{2292D265-E28C-4A80-B576-A7AC9BE89951}.Release|Any CPU.ActiveCfg = Release|Any CPU
		{2292D265-E28C-4A80-B576-A7AC9BE89951}.Release|Any CPU.Build.0 = Release|Any CPU
		{9E197050-80FE-40F5-A7E6-A2D8BF28FC02}.Debug|Any CPU.ActiveCfg = Debug|Any CPU
		{9E197050-80FE-40F5-A7E6-A2D8BF28FC02}.Debug|Any CPU.Build.0 = Debug|Any CPU
		{9E197050-80FE-40F5-A7E6-A2D8BF28FC02}.Release|Any CPU.ActiveCfg = Release|Any CPU
		{9E197050-80FE-40F5-A7E6-A2D8BF28FC02}.Release|Any CPU.Build.0 = Release|Any CPU
		{09BE46E0-F936-474B-8747-9F4DBD9DF828}.Debug|Any CPU.ActiveCfg = Debug|Any CPU
		{09BE46E0-F936-474B-8747-9F4DBD9DF828}.Debug|Any CPU.Build.0 = Debug|Any CPU
		{09BE46E0-F936-474B-8747-9F4DBD9DF828}.Release|Any CPU.ActiveCfg = Release|Any CPU
		{09BE46E0-F936-474B-8747-9F4DBD9DF828}.Release|Any CPU.Build.0 = Release|Any CPU
		{E26A74F7-060F-45A3-8385-0A1FBBC9C495}.Debug|Any CPU.ActiveCfg = Debug|Any CPU
		{E26A74F7-060F-45A3-8385-0A1FBBC9C495}.Debug|Any CPU.Build.0 = Debug|Any CPU
		{E26A74F7-060F-45A3-8385-0A1FBBC9C495}.Release|Any CPU.ActiveCfg = Release|Any CPU
		{E26A74F7-060F-45A3-8385-0A1FBBC9C495}.Release|Any CPU.Build.0 = Release|Any CPU
		{E9AD30DB-CA0C-4C19-92FA-B55355C33F76}.Debug|Any CPU.ActiveCfg = Debug|Any CPU
		{E9AD30DB-CA0C-4C19-92FA-B55355C33F76}.Debug|Any CPU.Build.0 = Debug|Any CPU
		{E9AD30DB-CA0C-4C19-92FA-B55355C33F76}.Release|Any CPU.ActiveCfg = Release|Any CPU
		{E9AD30DB-CA0C-4C19-92FA-B55355C33F76}.Release|Any CPU.Build.0 = Release|Any CPU
		{A428B558-E01D-49AF-91F8-327BF7EE32C0}.Debug|Any CPU.ActiveCfg = Debug|Any CPU
		{A428B558-E01D-49AF-91F8-327BF7EE32C0}.Debug|Any CPU.Build.0 = Debug|Any CPU
		{A428B558-E01D-49AF-91F8-327BF7EE32C0}.Release|Any CPU.ActiveCfg = Release|Any CPU
		{A428B558-E01D-49AF-91F8-327BF7EE32C0}.Release|Any CPU.Build.0 = Release|Any CPU
		{46AA23E5-4542-4979-BB5E-F68340880C55}.Debug|Any CPU.ActiveCfg = Debug|Any CPU
		{46AA23E5-4542-4979-BB5E-F68340880C55}.Debug|Any CPU.Build.0 = Debug|Any CPU
		{46AA23E5-4542-4979-BB5E-F68340880C55}.Release|Any CPU.ActiveCfg = Release|Any CPU
		{46AA23E5-4542-4979-BB5E-F68340880C55}.Release|Any CPU.Build.0 = Release|Any CPU
		{4FD4467C-0231-4D0E-9884-EABCECB18C8D}.Debug|Any CPU.ActiveCfg = Debug|Any CPU
		{4FD4467C-0231-4D0E-9884-EABCECB18C8D}.Debug|Any CPU.Build.0 = Debug|Any CPU
		{4FD4467C-0231-4D0E-9884-EABCECB18C8D}.Release|Any CPU.ActiveCfg = Release|Any CPU
		{4FD4467C-0231-4D0E-9884-EABCECB18C8D}.Release|Any CPU.Build.0 = Release|Any CPU
		{89013EE0-B3FD-4BB9-85D1-D4D82E27EA0E}.Debug|Any CPU.ActiveCfg = Debug|Any CPU
		{89013EE0-B3FD-4BB9-85D1-D4D82E27EA0E}.Debug|Any CPU.Build.0 = Debug|Any CPU
		{89013EE0-B3FD-4BB9-85D1-D4D82E27EA0E}.Release|Any CPU.ActiveCfg = Release|Any CPU
		{89013EE0-B3FD-4BB9-85D1-D4D82E27EA0E}.Release|Any CPU.Build.0 = Release|Any CPU
	EndGlobalSection
	GlobalSection(SolutionProperties) = preSolution
		HideSolutionNode = FALSE
	EndGlobalSection
	GlobalSection(ExtensibilityGlobals) = postSolution
		SolutionGuid = {D62AAAA4-A9FC-40DF-A30B-6B1A97C4B5B0}
	EndGlobalSection
EndGlobal
